
Microsoft Visual Studio Solution File, Format Version 12.00
# Visual Studio Version 16
VisualStudioVersion = 16.0.31829.152
MinimumVisualStudioVersion = 10.0.40219.1
Project("{9A19103F-16F7-4668-BE54-9A1E7A4F7556}") = "RemoveDups", "RemoveDups.csproj", "{93C1AA2F-70C3-4ADB-8AF9-E60A2B80DB83}"
EndProject
Project("{FAE04EC0-301F-11D3-BF4B-00C04F79EFBC}") = "CracingTheCodingInterview", "..\CracingTheCodingInterview\CracingTheCodingInterview.csproj", "{2B2BD797-E251-43A8-B818-D71874D76D15}"
EndProject
Global
	GlobalSection(SolutionConfigurationPlatforms) = preSolution
		Debug|Any CPU = Debug|Any CPU
		Release|Any CPU = Release|Any CPU
	EndGlobalSection
	GlobalSection(ProjectConfigurationPlatforms) = postSolution
		{93C1AA2F-70C3-4ADB-8AF9-E60A2B80DB83}.Debug|Any CPU.ActiveCfg = Debug|Any CPU
		{93C1AA2F-70C3-4ADB-8AF9-E60A2B80DB83}.Debug|Any CPU.Build.0 = Debug|Any CPU
		{93C1AA2F-70C3-4ADB-8AF9-E60A2B80DB83}.Release|Any CPU.ActiveCfg = Release|Any CPU
		{93C1AA2F-70C3-4ADB-8AF9-E60A2B80DB83}.Release|Any CPU.Build.0 = Release|Any CPU
		{2B2BD797-E251-43A8-B818-D71874D76D15}.Debug|Any CPU.ActiveCfg = Debug|Any CPU
		{2B2BD797-E251-43A8-B818-D71874D76D15}.Debug|Any CPU.Build.0 = Debug|Any CPU
		{2B2BD797-E251-43A8-B818-D71874D76D15}.Release|Any CPU.ActiveCfg = Release|Any CPU
		{2B2BD797-E251-43A8-B818-D71874D76D15}.Release|Any CPU.Build.0 = Release|Any CPU
	EndGlobalSection
	GlobalSection(SolutionProperties) = preSolution
		HideSolutionNode = FALSE
	EndGlobalSection
	GlobalSection(ExtensibilityGlobals) = postSolution
		SolutionGuid = {299684CB-747F-47A1-AC28-14617FDF4BAE}
	EndGlobalSection
EndGlobal
